
Microsoft Visual Studio Solution File, Format Version 12.00
# Visual Studio Version 17
VisualStudioVersion = 17.3.32901.215
MinimumVisualStudioVersion = 10.0.40219.1
Project("{FAE04EC0-301F-11D3-BF4B-00C04F79EFBC}") = "Salario", "Salario\Salario.csproj", "{E66A9E53-6E2C-46C6-B126-08EEFFEBFD7F}"
EndProject
Global
	GlobalSection(SolutionConfigurationPlatforms) = preSolution
		Debug|Any CPU = Debug|Any CPU
		Release|Any CPU = Release|Any CPU
	EndGlobalSection
	GlobalSection(ProjectConfigurationPlatforms) = postSolution
		{E66A9E53-6E2C-46C6-B126-08EEFFEBFD7F}.Debug|Any CPU.ActiveCfg = Debug|Any CPU
		{E66A9E53-6E2C-46C6-B126-08EEFFEBFD7F}.Debug|Any CPU.Build.0 = Debug|Any CPU
		{E66A9E53-6E2C-46C6-B126-08EEFFEBFD7F}.Release|Any CPU.ActiveCfg = Release|Any CPU
		{E66A9E53-6E2C-46C6-B126-08EEFFEBFD7F}.Release|Any CPU.Build.0 = Release|Any CPU
	EndGlobalSection
	GlobalSection(SolutionProperties) = preSolution
		HideSolutionNode = FALSE
	EndGlobalSection
	GlobalSection(ExtensibilityGlobals) = postSolution
		SolutionGuid = {863BC7B2-F8AF-47F4-A32F-3E1FCA9480EA}
	EndGlobalSection
EndGlobal
